
Microsoft Visual Studio Solution File, Format Version 12.00
# Visual Studio Version 17
VisualStudioVersion = 17.2.32616.157
MinimumVisualStudioVersion = 10.0.40219.1
Project("{FAE04EC0-301F-11D3-BF4B-00C04F79EFBC}") = "NET6", "NET6.csproj", "{9094BF19-E812-4796-87F9-8E63AA1A2D34}"
EndProject
Global
	GlobalSection(SolutionConfigurationPlatforms) = preSolution
		Debug|Any CPU = Debug|Any CPU
		Release|Any CPU = Release|Any CPU
	EndGlobalSection
	GlobalSection(ProjectConfigurationPlatforms) = postSolution
		{9094BF19-E812-4796-87F9-8E63AA1A2D34}.Debug|Any CPU.ActiveCfg = Debug|Any CPU
		{9094BF19-E812-4796-87F9-8E63AA1A2D34}.Debug|Any CPU.Build.0 = Debug|Any CPU
		{9094BF19-E812-4796-87F9-8E63AA1A2D34}.Release|Any CPU.ActiveCfg = Release|Any CPU
		{9094BF19-E812-4796-87F9-8E63AA1A2D34}.Release|Any CPU.Build.0 = Release|Any CPU
	EndGlobalSection
	GlobalSection(SolutionProperties) = preSolution
		HideSolutionNode = FALSE
	EndGlobalSection
	GlobalSection(ExtensibilityGlobals) = postSolution
		SolutionGuid = {0E2DECEC-A74C-4D53-A65E-B3A5E71AEE67}
	EndGlobalSection
EndGlobal
